
Microsoft Visual Studio Solution File, Format Version 12.00
# Visual Studio Version 17
VisualStudioVersion = 17.13.35931.197 d17.13
MinimumVisualStudioVersion = 10.0.40219.1
Project("{FAE04EC0-301F-11D3-BF4B-00C04F79EFBC}") = "WebApi", "WebApi\WebApi.csproj", "{30FB21BD-6A43-4E31-8721-4A79CAADA40D}"
EndProject
Project("{FAE04EC0-301F-11D3-BF4B-00C04F79EFBC}") = "Persistence", "Persistence\Persistence.csproj", "{BC7B58E5-076F-41A4-9771-861EB7E58092}"
EndProject
Project("{FAE04EC0-301F-11D3-BF4B-00C04F79EFBC}") = "Domain", "Domain\Domain.csproj", "{FBEA20D9-085A-49EF-B67B-4F48A1EFCF44}"
EndProject
Project("{FAE04EC0-301F-11D3-BF4B-00C04F79EFBC}") = "Application", "Application\Application.csproj", "{0C0E5A91-8430-4DA2-8C99-0BFAFA3586EB}"
EndProject
Project("{FAE04EC0-301F-11D3-BF4B-00C04F79EFBC}") = "Infrastructure", "Infrastructure\Infrastructure.csproj", "{56C87FAA-2145-47A4-A8D2-7390788653D9}"
EndProject
Global
	GlobalSection(SolutionConfigurationPlatforms) = preSolution
		Debug|Any CPU = Debug|Any CPU
		Release|Any CPU = Release|Any CPU
	EndGlobalSection
	GlobalSection(ProjectConfigurationPlatforms) = postSolution
		{30FB21BD-6A43-4E31-8721-4A79CAADA40D}.Debug|Any CPU.ActiveCfg = Debug|Any CPU
		{30FB21BD-6A43-4E31-8721-4A79CAADA40D}.Debug|Any CPU.Build.0 = Debug|Any CPU
		{30FB21BD-6A43-4E31-8721-4A79CAADA40D}.Release|Any CPU.ActiveCfg = Release|Any CPU
		{30FB21BD-6A43-4E31-8721-4A79CAADA40D}.Release|Any CPU.Build.0 = Release|Any CPU
		{BC7B58E5-076F-41A4-9771-861EB7E58092}.Debug|Any CPU.ActiveCfg = Debug|Any CPU
		{BC7B58E5-076F-41A4-9771-861EB7E58092}.Debug|Any CPU.Build.0 = Debug|Any CPU
		{BC7B58E5-076F-41A4-9771-861EB7E58092}.Release|Any CPU.ActiveCfg = Release|Any CPU
		{BC7B58E5-076F-41A4-9771-861EB7E58092}.Release|Any CPU.Build.0 = Release|Any CPU
		{FBEA20D9-085A-49EF-B67B-4F48A1EFCF44}.Debug|Any CPU.ActiveCfg = Debug|Any CPU
		{FBEA20D9-085A-49EF-B67B-4F48A1EFCF44}.Debug|Any CPU.Build.0 = Debug|Any CPU
		{FBEA20D9-085A-49EF-B67B-4F48A1EFCF44}.Release|Any CPU.ActiveCfg = Release|Any CPU
		{FBEA20D9-085A-49EF-B67B-4F48A1EFCF44}.Release|Any CPU.Build.0 = Release|Any CPU
		{0C0E5A91-8430-4DA2-8C99-0BFAFA3586EB}.Debug|Any CPU.ActiveCfg = Debug|Any CPU
		{0C0E5A91-8430-4DA2-8C99-0BFAFA3586EB}.Debug|Any CPU.Build.0 = Debug|Any CPU
		{0C0E5A91-8430-4DA2-8C99-0BFAFA3586EB}.Release|Any CPU.ActiveCfg = Release|Any CPU
		{0C0E5A91-8430-4DA2-8C99-0BFAFA3586EB}.Release|Any CPU.Build.0 = Release|Any CPU
		{56C87FAA-2145-47A4-A8D2-7390788653D9}.Debug|Any CPU.ActiveCfg = Debug|Any CPU
		{56C87FAA-2145-47A4-A8D2-7390788653D9}.Debug|Any CPU.Build.0 = Debug|Any CPU
		{56C87FAA-2145-47A4-A8D2-7390788653D9}.Release|Any CPU.ActiveCfg = Release|Any CPU
		{56C87FAA-2145-47A4-A8D2-7390788653D9}.Release|Any CPU.Build.0 = Release|Any CPU
	EndGlobalSection
	GlobalSection(SolutionProperties) = preSolution
		HideSolutionNode = FALSE
	EndGlobalSection
	GlobalSection(ExtensibilityGlobals) = postSolution
		SolutionGuid = {6FBD09BC-AFC9-4BF1-8EFD-7A2E2AB44B1D}
	EndGlobalSection
EndGlobal
